// !$*UTF8*$!
{
	archiveVersion = 1;
	classes = {
	};
	objectVersion = 46;
	objects = {

/* Begin PBXBuildFile section */
		A192ADCC1F7D6518003D3253 /* AppDelegate.swift in Sources */ = {isa = PBXBuildFile; fileRef = A192ADCB1F7D6518003D3253 /* AppDelegate.swift */; };
		A192ADD11F7D6518003D3253 /* Main.storyboard in Resources */ = {isa = PBXBuildFile; fileRef = A192ADCF1F7D6518003D3253 /* Main.storyboard */; };
		A192ADD41F7D6518003D3253 /* LoanCalculator.xcdatamodeld in Sources */ = {isa = PBXBuildFile; fileRef = A192ADD21F7D6518003D3253 /* LoanCalculator.xcdatamodeld */; };
		A192ADD61F7D6518003D3253 /* Assets.xcassets in Resources */ = {isa = PBXBuildFile; fileRef = A192ADD51F7D6518003D3253 /* Assets.xcassets */; };
		A192ADD91F7D6518003D3253 /* LaunchScreen.storyboard in Resources */ = {isa = PBXBuildFile; fileRef = A192ADD71F7D6518003D3253 /* LaunchScreen.storyboard */; };
		A192ADE11F806126003D3253 /* MonthViewController.swift in Sources */ = {isa = PBXBuildFile; fileRef = A192ADE01F806126003D3253 /* MonthViewController.swift */; };
		A192ADE31F806457003D3253 /* Month.storyboard in Resources */ = {isa = PBXBuildFile; fileRef = A192ADE21F806457003D3253 /* Month.storyboard */; };
		A192ADE61F807EB4003D3253 /* Loan.storyboard in Resources */ = {isa = PBXBuildFile; fileRef = A192ADE41F807EB4003D3253 /* Loan.storyboard */; };
		A192ADE81F807F07003D3253 /* LoanViewController.swift in Sources */ = {isa = PBXBuildFile; fileRef = A192ADE71F807F07003D3253 /* LoanViewController.swift */; };
/* End PBXBuildFile section */

/* Begin PBXFileReference section */
		A192ADC81F7D6518003D3253 /* LoanCalculator.app */ = {isa = PBXFileReference; explicitFileType = wrapper.application; includeInIndex = 0; path = LoanCalculator.app; sourceTree = BUILT_PRODUCTS_DIR; };
		A192ADCB1F7D6518003D3253 /* AppDelegate.swift */ = {isa = PBXFileReference; lastKnownFileType = sourcecode.swift; path = AppDelegate.swift; sourceTree = "<group>"; };
		A192ADD01F7D6518003D3253 /* Base */ = {isa = PBXFileReference; lastKnownFileType = file.storyboard; name = Base; path = Base.lproj/Main.storyboard; sourceTree = "<group>"; };
		A192ADD31F7D6518003D3253 /* LoanCalculator.xcdatamodel */ = {isa = PBXFileReference; lastKnownFileType = wrapper.xcdatamodel; path = LoanCalculator.xcdatamodel; sourceTree = "<group>"; };
		A192ADD51F7D6518003D3253 /* Assets.xcassets */ = {isa = PBXFileReference; lastKnownFileType = folder.assetcatalog; path = Assets.xcassets; sourceTree = "<group>"; };
		A192ADD81F7D6518003D3253 /* Base */ = {isa = PBXFileReference; lastKnownFileType = file.storyboard; name = Base; path = Base.lproj/LaunchScreen.storyboard; sourceTree = "<group>"; };
		A192ADDA1F7D6518003D3253 /* Info.plist */ = {isa = PBXFileReference; lastKnownFileType = text.plist.xml; path = Info.plist; sourceTree = "<group>"; };
		A192ADE01F806126003D3253 /* MonthViewController.swift */ = {isa = PBXFileReference; fileEncoding = 4; lastKnownFileType = sourcecode.swift; path = MonthViewController.swift; sourceTree = "<group>"; };
		A192ADE21F806457003D3253 /* Month.storyboard */ = {isa = PBXFileReference; fileEncoding = 4; lastKnownFileType = file.storyboard; path = Month.storyboard; sourceTree = "<group>"; };
		A192ADE51F807EB4003D3253 /* Base */ = {isa = PBXFileReference; lastKnownFileType = file.storyboard; name = Base; path = Base.lproj/Loan.storyboard; sourceTree = "<group>"; };
		A192ADE71F807F07003D3253 /* LoanViewController.swift */ = {isa = PBXFileReference; fileEncoding = 4; lastKnownFileType = sourcecode.swift; path = LoanViewController.swift; sourceTree = "<group>"; };
/* End PBXFileReference section */

/* Begin PBXFrameworksBuildPhase section */
		A192ADC51F7D6517003D3253 /* Frameworks */ = {
			isa = PBXFrameworksBuildPhase;
			buildActionMask = 2147483647;
			files = (
			);
			runOnlyForDeploymentPostprocessing = 0;
		};
/* End PBXFrameworksBuildPhase section */

/* Begin PBXGroup section */
		A192ADBF1F7D6517003D3253 = {
			isa = PBXGroup;
			children = (
				A192ADCA1F7D6518003D3253 /* LoanCalculator */,
				A192ADC91F7D6518003D3253 /* Products */,
			);
			sourceTree = "<group>";
		};
		A192ADC91F7D6518003D3253 /* Products */ = {
			isa = PBXGroup;
			children = (
				A192ADC81F7D6518003D3253 /* LoanCalculator.app */,
			);
			name = Products;
			sourceTree = "<group>";
		};
		A192ADCA1F7D6518003D3253 /* LoanCalculator */ = {
			isa = PBXGroup;
			children = (
				A192ADCB1F7D6518003D3253 /* AppDelegate.swift */,
				A192ADCF1F7D6518003D3253 /* Main.storyboard */,
				A192ADE41F807EB4003D3253 /* Loan.storyboard */,
				A192ADE21F806457003D3253 /* Month.storyboard */,
				A192ADE71F807F07003D3253 /* LoanViewController.swift */,
				A192ADE01F806126003D3253 /* MonthViewController.swift */,
				A192ADD51F7D6518003D3253 /* Assets.xcassets */,
				A192ADD71F7D6518003D3253 /* LaunchScreen.storyboard */,
				A192ADDA1F7D6518003D3253 /* Info.plist */,
				A192ADD21F7D6518003D3253 /* LoanCalculator.xcdatamodeld */,
			);
			path = LoanCalculator;
			sourceTree = "<group>";
		};
/* End PBXGroup section */

/* Begin PBXNativeTarget section */
		A192ADC71F7D6517003D3253 /* LoanCalculator */ = {
			isa = PBXNativeTarget;
			buildConfigurationList = A192ADDD1F7D6518003D3253 /* Build configuration list for PBXNativeTarget "LoanCalculator" */;
			buildPhases = (
				A192ADC41F7D6517003D3253 /* Sources */,
				A192ADC51F7D6517003D3253 /* Frameworks */,
				A192ADC61F7D6517003D3253 /* Resources */,
			);
			buildRules = (
			);
			dependencies = (
			);
			name = LoanCalculator;
			productName = LoanCalculator;
			productReference = A192ADC81F7D6518003D3253 /* LoanCalculator.app */;
			productType = "com.apple.product-type.application";
		};
/* End PBXNativeTarget section */

/* Begin PBXProject section */
		A192ADC01F7D6517003D3253 /* Project object */ = {
			isa = PBXProject;
			attributes = {
				LastSwiftUpdateCheck = 0830;
				LastUpgradeCheck = 0830;
				ORGANIZATIONNAME = "Emily Chin";
				TargetAttributes = {
					A192ADC71F7D6517003D3253 = {
						CreatedOnToolsVersion = 8.3.3;
						ProvisioningStyle = Automatic;
					};
				};
			};
			buildConfigurationList = A192ADC31F7D6517003D3253 /* Build configuration list for PBXProject "LoanCalculator" */;
			compatibilityVersion = "Xcode 3.2";
			developmentRegion = English;
			hasScannedForEncodings = 0;
			knownRegions = (
				en,
				Base,
			);
			mainGroup = A192ADBF1F7D6517003D3253;
			productRefGroup = A192ADC91F7D6518003D3253 /* Products */;
			projectDirPath = "";
			projectRoot = "";
			targets = (
				A192ADC71F7D6517003D3253 /* LoanCalculator */,
			);
		};
/* End PBXProject section */

/* Begin PBXResourcesBuildPhase section */
		A192ADC61F7D6517003D3253 /* Resources */ = {
			isa = PBXResourcesBuildPhase;
			buildActionMask = 2147483647;
			files = (
				A192ADD91F7D6518003D3253 /* LaunchScreen.storyboard in Resources */,
				A192ADE31F806457003D3253 /* Month.storyboard in Resources */,
				A192ADD61F7D6518003D3253 /* Assets.xcassets in Resources */,
				A192ADE61F807EB4003D3253 /* Loan.storyboard in Resources */,
				A192ADD11F7D6518003D3253 /* Main.storyboard in Resources */,
			);
			runOnlyForDeploymentPostprocessing = 0;
		};
/* End PBXResourcesBuildPhase section */

/* Begin PBXSourcesBuildPhase section */
		A192ADC41F7D6517003D3253 /* Sources */ = {
			isa = PBXSourcesBuildPhase;
			buildActionMask = 2147483647;
			files = (
				A192ADE81F807F07003D3253 /* LoanViewController.swift in Sources */,
				A192ADCC1F7D6518003D3253 /* AppDelegate.swift in Sources */,
				A192ADD41F7D6518003D3253 /* LoanCalculator.xcdatamodeld in Sources */,
				A192ADE11F806126003D3253 /* MonthViewController.swift in Sources */,
			);
			runOnlyForDeploymentPostprocessing = 0;
		};
/* End PBXSourcesBuildPhase section */

/* Begin PBXVariantGroup section */
		A192ADCF1F7D6518003D3253 /* Main.storyboard */ = {
			isa = PBXVariantGroup;
			children = (
				A192ADD01F7D6518003D3253 /* Base */,
			);
			name = Main.storyboard;
			sourceTree = "<group>";
		};
		A192ADD71F7D6518003D3253 /* LaunchScreen.storyboard */ = {
			isa = PBXVariantGroup;
			children = (
				A192ADD81F7D6518003D3253 /* Base */,
			);
			name = LaunchScreen.storyboard;
			sourceTree = "<group>";
		};
		A192ADE41F807EB4003D3253 /* Loan.storyboard */ = {
			isa = PBXVariantGroup;
			children = (
				A192ADE51F807EB4003D3253 /* Base */,
			);
			name = Loan.storyboard;
			sourceTree = "<group>";
		};
/* End PBXVariantGroup section */

/* Begin XCBuildConfiguration section */
		A192ADDB1F7D6518003D3253 /* Debug */ = {
			isa = XCBuildConfiguration;
			buildSettings = {
				ALWAYS_SEARCH_USER_PATHS = NO;
				CLANG_ANALYZER_NONNULL = YES;
				CLANG_ANALYZER_NUMBER_OBJECT_CONVERSION = YES_AGGRESSIVE;
				CLANG_CXX_LANGUAGE_STANDARD = "gnu++0x";
				CLANG_CXX_LIBRARY = "libc++";
				CLANG_ENABLE_MODULES = YES;
				CLANG_ENABLE_OBJC_ARC = YES;
				CLANG_WARN_BOOL_CONVERSION = YES;
				CLANG_WARN_CONSTANT_CONVERSION = YES;
				CLANG_WARN_DIRECT_OBJC_ISA_USAGE = YES_ERROR;
				CLANG_WARN_DOCUMENTATION_COMMENTS = YES;
				CLANG_WARN_EMPTY_BODY = YES;
				CLANG_WARN_ENUM_CONVERSION = YES;
				CLANG_WARN_INFINITE_RECURSION = YES;
				CLANG_WARN_INT_CONVERSION = YES;
				CLANG_WARN_OBJC_ROOT_CLASS = YES_ERROR;
				CLANG_WARN_SUSPICIOUS_MOVE = YES;
				CLANG_WARN_UNREACHABLE_CODE = YES;
				CLANG_WARN__DUPLICATE_METHOD_MATCH = YES;
				"CODE_SIGN_IDENTITY[sdk=iphoneos*]" = "iPhone Developer";
				COPY_PHASE_STRIP = NO;
				DEBUG_INFORMATION_FORMAT = dwarf;
				ENABLE_STRICT_OBJC_MSGSEND = YES;
				ENABLE_TESTABILITY = YES;
				GCC_C_LANGUAGE_STANDARD = gnu99;
				GCC_DYNAMIC_NO_PIC = NO;
				GCC_NO_COMMON_BLOCKS = YES;
				GCC_OPTIMIZATION_LEVEL = 0;
				GCC_PREPROCESSOR_DEFINITIONS = (
					"DEBUG=1",
					"$(inherited)",
				);
				GCC_WARN_64_TO_32_BIT_CONVERSION = YES;
				GCC_WARN_ABOUT_RETURN_TYPE = YES_ERROR;
				GCC_WARN_UNDECLARED_SELECTOR = YES;
				GCC_WARN_UNINITIALIZED_AUTOS = YES_AGGRESSIVE;
				GCC_WARN_UNUSED_FUNCTION = YES;
				GCC_WARN_UNUSED_VARIABLE = YES;
				IPHONEOS_DEPLOYMENT_TARGET = 10.3;
				MTL_ENABLE_DEBUG_INFO = YES;
				ONLY_ACTIVE_ARCH = YES;
				SDKROOT = iphoneos;
				SWIFT_ACTIVE_COMPILATION_CONDITIONS = DEBUG;
				SWIFT_OPTIMIZATION_LEVEL = "-Onone";
			};
			name = Debug;
		};
		A192ADDC1F7D6518003D3253 /* Release */ = {
			isa = XCBuildConfiguration;
			buildSettings = {
				ALWAYS_SEARCH_USER_PATHS = NO;
				CLANG_ANALYZER_NONNULL = YES;
				CLANG_ANALYZER_NUMBER_OBJECT_CONVERSION = YES_AGGRESSIVE;
				CLANG_CXX_LANGUAGE_STANDARD = "gnu++0x";
				CLANG_CXX_LIBRARY = "libc++";
				CLANG_ENABLE_MODULES = YES;
				CLANG_ENABLE_OBJC_ARC = YES;
				CLANG_WARN_BOOL_CONVERSION = YES;
				CLANG_WARN_CONSTANT_CONVERSION = YES;
				CLANG_WARN_DIRECT_OBJC_ISA_USAGE = YES_ERROR;
				CLANG_WARN_DOCUMENTATION_COMMENTS = YES;
				CLANG_WARN_EMPTY_BODY = YES;
				CLANG_WARN_ENUM_CONVERSION = YES;
				CLANG_WARN_INFINITE_RECURSION = YES;
				CLANG_WARN_INT_CONVERSION = YES;
				CLANG_WARN_OBJC_ROOT_CLASS = YES_ERROR;
				CLANG_WARN_SUSPICIOUS_MOVE = YES;
				CLANG_WARN_UNREACHABLE_CODE = YES;
				CLANG_WARN__DUPLICATE_METHOD_MATCH = YES;
				"CODE_SIGN_IDENTITY[sdk=iphoneos*]" = "iPhone Developer";
				COPY_PHASE_STRIP = NO;
				DEBUG_INFORMATION_FORMAT = "dwarf-with-dsym";
				ENABLE_NS_ASSERTIONS = NO;
				ENABLE_STRICT_OBJC_MSGSEND = YES;
				GCC_C_LANGUAGE_STANDARD = gnu99;
				GCC_NO_COMMON_BLOCKS = YES;
				GCC_WARN_64_TO_32_BIT_CONVERSION = YES;
				GCC_WARN_ABOUT_RETURN_TYPE = YES_ERROR;
				GCC_WARN_UNDECLARED_SELECTOR = YES;
				GCC_WARN_UNINITIALIZED_AUTOS = YES_AGGRESSIVE;
				GCC_WARN_UNUSED_FUNCTION = YES;
				GCC_WARN_UNUSED_VARIABLE = YES;
				IPHONEOS_DEPLOYMENT_TARGET = 10.3;
				MTL_ENABLE_DEBUG_INFO = NO;
				SDKROOT = iphoneos;
				SWIFT_OPTIMIZATION_LEVEL = "-Owholemodule";
				VALIDATE_PRODUCT = YES;
			};
			name = Release;
		};
		A192ADDE1F7D6518003D3253 /* Debug */ = {
			isa = XCBuildConfiguration;
			buildSettings = {
				ASSETCATALOG_COMPILER_APPICON_NAME = AppIcon;
				INFOPLIST_FILE = LoanCalculator/Info.plist;
				LD_RUNPATH_SEARCH_PATHS = "$(inherited) @executable_path/Frameworks";
				PRODUCT_BUNDLE_IDENTIFIER = com.emilychin.LoanCalculator;
				PRODUCT_NAME = "$(TARGET_NAME)";
				SWIFT_VERSION = 3.0;
			};
			name = Debug;
		};
		A192ADDF1F7D6518003D3253 /* Release */ = {
			isa = XCBuildConfiguration;
			buildSettings = {
				ASSETCATALOG_COMPILER_APPICON_NAME = AppIcon;
				INFOPLIST_FILE = LoanCalculator/Info.plist;
				LD_RUNPATH_SEARCH_PATHS = "$(inherited) @executable_path/Frameworks";
				PRODUCT_BUNDLE_IDENTIFIER = com.emilychin.LoanCalculator;
				PRODUCT_NAME = "$(TARGET_NAME)";
				SWIFT_VERSION = 3.0;
			};
			name = Release;
		};
/* End XCBuildConfiguration section */

/* Begin XCConfigurationList section */
		A192ADC31F7D6517003D3253 /* Build configuration list for PBXProject "LoanCalculator" */ = {
			isa = XCConfigurationList;
			buildConfigurations = (
				A192ADDB1F7D6518003D3253 /* Debug */,
				A192ADDC1F7D6518003D3253 /* Release */,
			);
			defaultConfigurationIsVisible = 0;
			defaultConfigurationName = Release;
		};
		A192ADDD1F7D6518003D3253 /* Build configuration list for PBXNativeTarget "LoanCalculator" */ = {
			isa = XCConfigurationList;
			buildConfigurations = (
				A192ADDE1F7D6518003D3253 /* Debug */,
				A192ADDF1F7D6518003D3253 /* Release */,
			);
			defaultConfigurationIsVisible = 0;
		};
/* End XCConfigurationList section */

/* Begin XCVersionGroup section */
		A192ADD21F7D6518003D3253 /* LoanCalculator.xcdatamodeld */ = {
			isa = XCVersionGroup;
			children = (
				A192ADD31F7D6518003D3253 /* LoanCalculator.xcdatamodel */,
			);
			currentVersion = A192ADD31F7D6518003D3253 /* LoanCalculator.xcdatamodel */;
			path = LoanCalculator.xcdatamodeld;
			sourceTree = "<group>";
			versionGroupType = wrapper.xcdatamodel;
		};
/* End XCVersionGroup section */
	};
	rootObject = A192ADC01F7D6517003D3253 /* Project object */;
}
